
Microsoft Visual Studio Solution File, Format Version 12.00
# Visual Studio Version 16
VisualStudioVersion = 16.0.29306.81
MinimumVisualStudioVersion = 10.0.40219.1
Project("{FAE04EC0-301F-11D3-BF4B-00C04F79EFBC}") = "RELPREMEE.UWP", "RELPREMEE\RELPREMEE.UWP\RELPREMEE.UWP.csproj", "{EEF5E47C-916F-4BE4-A3BA-09EB6436C846}"
EndProject
Project("{FAE04EC0-301F-11D3-BF4B-00C04F79EFBC}") = "RELPREMEE.Android", "RELPREMEE\RELPREMEE.Android\RELPREMEE.Android.csproj", "{93C6F445-5932-44B8-82A0-13A1D9D0958C}"
EndProject
Project("{FAE04EC0-301F-11D3-BF4B-00C04F79EFBC}") = "RELPREMEE.iOS", "RELPREMEE\RELPREMEE.iOS\RELPREMEE.iOS.csproj", "{E6504664-3B75-48A7-B4BD-4FE1092D55FF}"
EndProject
Project("{FAE04EC0-301F-11D3-BF4B-00C04F79EFBC}") = "RELPREMEE", "RELPREMEE\RELPREMEE\RELPREMEE.csproj", "{CB0EB02A-B658-4784-8F08-B72CF58E5ED8}"
EndProject
Global
	GlobalSection(SolutionConfigurationPlatforms) = preSolution
		Debug|Any CPU = Debug|Any CPU
		Debug|ARM = Debug|ARM
		Debug|iPhone = Debug|iPhone
		Debug|iPhoneSimulator = Debug|iPhoneSimulator
		Debug|x64 = Debug|x64
		Debug|x86 = Debug|x86
		Release|Any CPU = Release|Any CPU
		Release|ARM = Release|ARM
		Release|iPhone = Release|iPhone
		Release|iPhoneSimulator = Release|iPhoneSimulator
		Release|x64 = Release|x64
		Release|x86 = Release|x86
	EndGlobalSection
	GlobalSection(ProjectConfigurationPlatforms) = postSolution
		{EEF5E47C-916F-4BE4-A3BA-09EB6436C846}.Debug|Any CPU.ActiveCfg = Debug|x86
		{EEF5E47C-916F-4BE4-A3BA-09EB6436C846}.Debug|Any CPU.Build.0 = Debug|x86
		{EEF5E47C-916F-4BE4-A3BA-09EB6436C846}.Debug|Any CPU.Deploy.0 = Debug|x86
		{EEF5E47C-916F-4BE4-A3BA-09EB6436C846}.Debug|ARM.ActiveCfg = Debug|ARM
		{EEF5E47C-916F-4BE4-A3BA-09EB6436C846}.Debug|ARM.Build.0 = Debug|ARM
		{EEF5E47C-916F-4BE4-A3BA-09EB6436C846}.Debug|ARM.Deploy.0 = Debug|ARM
		{EEF5E47C-916F-4BE4-A3BA-09EB6436C846}.Debug|iPhone.ActiveCfg = Debug|x86
		{EEF5E47C-916F-4BE4-A3BA-09EB6436C846}.Debug|iPhone.Build.0 = Debug|x86
		{EEF5E47C-916F-4BE4-A3BA-09EB6436C846}.Debug|iPhone.Deploy.0 = Debug|x86
		{EEF5E47C-916F-4BE4-A3BA-09EB6436C846}.Debug|iPhoneSimulator.ActiveCfg = Debug|x86
		{EEF5E47C-916F-4BE4-A3BA-09EB6436C846}.Debug|iPhoneSimulator.Build.0 = Debug|x86
		{EEF5E47C-916F-4BE4-A3BA-09EB6436C846}.Debug|iPhoneSimulator.Deploy.0 = Debug|x86
		{EEF5E47C-916F-4BE4-A3BA-09EB6436C846}.Debug|x64.ActiveCfg = Debug|x64
		{EEF5E47C-916F-4BE4-A3BA-09EB6436C846}.Debug|x64.Build.0 = Debug|x64
		{EEF5E47C-916F-4BE4-A3BA-09EB6436C846}.Debug|x64.Deploy.0 = Debug|x64
		{EEF5E47C-916F-4BE4-A3BA-09EB6436C846}.Debug|x86.ActiveCfg = Debug|x86
		{EEF5E47C-916F-4BE4-A3BA-09EB6436C846}.Debug|x86.Build.0 = Debug|x86
		{EEF5E47C-916F-4BE4-A3BA-09EB6436C846}.Debug|x86.Deploy.0 = Debug|x86
		{EEF5E47C-916F-4BE4-A3BA-09EB6436C846}.Release|Any CPU.ActiveCfg = Release|x86
		{EEF5E47C-916F-4BE4-A3BA-09EB6436C846}.Release|Any CPU.Build.0 = Release|x86
		{EEF5E47C-916F-4BE4-A3BA-09EB6436C846}.Release|Any CPU.Deploy.0 = Release|x86
		{EEF5E47C-916F-4BE4-A3BA-09EB6436C846}.Release|ARM.ActiveCfg = Release|ARM
		{EEF5E47C-916F-4BE4-A3BA-09EB6436C846}.Release|ARM.Build.0 = Release|ARM
		{EEF5E47C-916F-4BE4-A3BA-09EB6436C846}.Release|ARM.Deploy.0 = Release|ARM
		{EEF5E47C-916F-4BE4-A3BA-09EB6436C846}.Release|iPhone.ActiveCfg = Release|x86
		{EEF5E47C-916F-4BE4-A3BA-09EB6436C846}.Release|iPhone.Build.0 = Release|x86
		{EEF5E47C-916F-4BE4-A3BA-09EB6436C846}.Release|iPhone.Deploy.0 = Release|x86
		{EEF5E47C-916F-4BE4-A3BA-09EB6436C846}.Release|iPhoneSimulator.ActiveCfg = Release|x86
		{EEF5E47C-916F-4BE4-A3BA-09EB6436C846}.Release|iPhoneSimulator.Build.0 = Release|x86
		{EEF5E47C-916F-4BE4-A3BA-09EB6436C846}.Release|iPhoneSimulator.Deploy.0 = Release|x86
		{EEF5E47C-916F-4BE4-A3BA-09EB6436C846}.Release|x64.ActiveCfg = Release|x64
		{EEF5E47C-916F-4BE4-A3BA-09EB6436C846}.Release|x64.Build.0 = Release|x64
		{EEF5E47C-916F-4BE4-A3BA-09EB6436C846}.Release|x64.Deploy.0 = Release|x64
		{EEF5E47C-916F-4BE4-A3BA-09EB6436C846}.Release|x86.ActiveCfg = Release|x86
		{EEF5E47C-916F-4BE4-A3BA-09EB6436C846}.Release|x86.Build.0 = Release|x86
		{EEF5E47C-916F-4BE4-A3BA-09EB6436C846}.Release|x86.Deploy.0 = Release|x86
		{93C6F445-5932-44B8-82A0-13A1D9D0958C}.Debug|Any CPU.ActiveCfg = Debug|Any CPU
		{93C6F445-5932-44B8-82A0-13A1D9D0958C}.Debug|Any CPU.Build.0 = Debug|Any CPU
		{93C6F445-5932-44B8-82A0-13A1D9D0958C}.Debug|Any CPU.Deploy.0 = Debug|Any CPU
		{93C6F445-5932-44B8-82A0-13A1D9D0958C}.Debug|ARM.ActiveCfg = Debug|Any CPU
		{93C6F445-5932-44B8-82A0-13A1D9D0958C}.Debug|ARM.Build.0 = Debug|Any CPU
		{93C6F445-5932-44B8-82A0-13A1D9D0958C}.Debug|ARM.Deploy.0 = Debug|Any CPU
		{93C6F445-5932-44B8-82A0-13A1D9D0958C}.Debug|iPhone.ActiveCfg = Debug|Any CPU
		{93C6F445-5932-44B8-82A0-13A1D9D0958C}.Debug|iPhone.Build.0 = Debug|Any CPU
		{93C6F445-5932-44B8-82A0-13A1D9D0958C}.Debug|iPhone.Deploy.0 = Debug|Any CPU
		{93C6F445-5932-44B8-82A0-13A1D9D0958C}.Debug|iPhoneSimulator.ActiveCfg = Debug|Any CPU
		{93C6F445-5932-44B8-82A0-13A1D9D0958C}.Debug|iPhoneSimulator.Build.0 = Debug|Any CPU
		{93C6F445-5932-44B8-82A0-13A1D9D0958C}.Debug|iPhoneSimulator.Deploy.0 = Debug|Any CPU
		{93C6F445-5932-44B8-82A0-13A1D9D0958C}.Debug|x64.ActiveCfg = Debug|Any CPU
		{93C6F445-5932-44B8-82A0-13A1D9D0958C}.Debug|x64.Build.0 = Debug|Any CPU
		{93C6F445-5932-44B8-82A0-13A1D9D0958C}.Debug|x64.Deploy.0 = Debug|Any CPU
		{93C6F445-5932-44B8-82A0-13A1D9D0958C}.Debug|x86.ActiveCfg = Debug|Any CPU
		{93C6F445-5932-44B8-82A0-13A1D9D0958C}.Debug|x86.Build.0 = Debug|Any CPU
		{93C6F445-5932-44B8-82A0-13A1D9D0958C}.Debug|x86.Deploy.0 = Debug|Any CPU
		{93C6F445-5932-44B8-82A0-13A1D9D0958C}.Release|Any CPU.ActiveCfg = Release|Any CPU
		{93C6F445-5932-44B8-82A0-13A1D9D0958C}.Release|Any CPU.Build.0 = Release|Any CPU
		{93C6F445-5932-44B8-82A0-13A1D9D0958C}.Release|Any CPU.Deploy.0 = Release|Any CPU
		{93C6F445-5932-44B8-82A0-13A1D9D0958C}.Release|ARM.ActiveCfg = Release|Any CPU
		{93C6F445-5932-44B8-82A0-13A1D9D0958C}.Release|ARM.Build.0 = Release|Any CPU
		{93C6F445-5932-44B8-82A0-13A1D9D0958C}.Release|ARM.Deploy.0 = Release|Any CPU
		{93C6F445-5932-44B8-82A0-13A1D9D0958C}.Release|iPhone.ActiveCfg = Release|Any CPU
		{93C6F445-5932-44B8-82A0-13A1D9D0958C}.Release|iPhone.Build.0 = Release|Any CPU
		{93C6F445-5932-44B8-82A0-13A1D9D0958C}.Release|iPhone.Deploy.0 = Release|Any CPU
		{93C6F445-5932-44B8-82A0-13A1D9D0958C}.Release|iPhoneSimulator.ActiveCfg = Release|Any CPU
		{93C6F445-5932-44B8-82A0-13A1D9D0958C}.Release|iPhoneSimulator.Build.0 = Release|Any CPU
		{93C6F445-5932-44B8-82A0-13A1D9D0958C}.Release|iPhoneSimulator.Deploy.0 = Release|Any CPU
		{93C6F445-5932-44B8-82A0-13A1D9D0958C}.Release|x64.ActiveCfg = Release|Any CPU
		{93C6F445-5932-44B8-82A0-13A1D9D0958C}.Release|x64.Build.0 = Release|Any CPU
		{93C6F445-5932-44B8-82A0-13A1D9D0958C}.Release|x64.Deploy.0 = Release|Any CPU
		{93C6F445-5932-44B8-82A0-13A1D9D0958C}.Release|x86.ActiveCfg = Release|Any CPU
		{93C6F445-5932-44B8-82A0-13A1D9D0958C}.Release|x86.Build.0 = Release|Any CPU
		{93C6F445-5932-44B8-82A0-13A1D9D0958C}.Release|x86.Deploy.0 = Release|Any CPU
		{E6504664-3B75-48A7-B4BD-4FE1092D55FF}.Debug|Any CPU.ActiveCfg = Debug|iPhone
		{E6504664-3B75-48A7-B4BD-4FE1092D55FF}.Debug|Any CPU.Build.0 = Debug|iPhone
		{E6504664-3B75-48A7-B4BD-4FE1092D55FF}.Debug|Any CPU.Deploy.0 = Debug|iPhone
		{E6504664-3B75-48A7-B4BD-4FE1092D55FF}.Debug|ARM.ActiveCfg = Debug|iPhoneSimulator
		{E6504664-3B75-48A7-B4BD-4FE1092D55FF}.Debug|ARM.Build.0 = Debug|iPhoneSimulator
		{E6504664-3B75-48A7-B4BD-4FE1092D55FF}.Debug|ARM.Deploy.0 = Debug|iPhoneSimulator
		{E6504664-3B75-48A7-B4BD-4FE1092D55FF}.Debug|iPhone.ActiveCfg = Debug|iPhone
		{E6504664-3B75-48A7-B4BD-4FE1092D55FF}.Debug|iPhone.Build.0 = Debug|iPhone
		{E6504664-3B75-48A7-B4BD-4FE1092D55FF}.Debug|iPhone.Deploy.0 = Debug|iPhone
		{E6504664-3B75-48A7-B4BD-4FE1092D55FF}.Debug|iPhoneSimulator.ActiveCfg = Debug|iPhoneSimulator
		{E6504664-3B75-48A7-B4BD-4FE1092D55FF}.Debug|iPhoneSimulator.Build.0 = Debug|iPhoneSimulator
		{E6504664-3B75-48A7-B4BD-4FE1092D55FF}.Debug|iPhoneSimulator.Deploy.0 = Debug|iPhoneSimulator
		{E6504664-3B75-48A7-B4BD-4FE1092D55FF}.Debug|x64.ActiveCfg = Debug|iPhone
		{E6504664-3B75-48A7-B4BD-4FE1092D55FF}.Debug|x64.Build.0 = Debug|iPhone
		{E6504664-3B75-48A7-B4BD-4FE1092D55FF}.Debug|x64.Deploy.0 = Debug|iPhone
		{E6504664-3B75-48A7-B4BD-4FE1092D55FF}.Debug|x86.ActiveCfg = Debug|iPhone
		{E6504664-3B75-48A7-B4BD-4FE1092D55FF}.Debug|x86.Build.0 = Debug|iPhone
		{E6504664-3B75-48A7-B4BD-4FE1092D55FF}.Debug|x86.Deploy.0 = Debug|iPhone
		{E6504664-3B75-48A7-B4BD-4FE1092D55FF}.Release|Any CPU.ActiveCfg = Release|iPhone
		{E6504664-3B75-48A7-B4BD-4FE1092D55FF}.Release|Any CPU.Build.0 = Release|iPhone
		{E6504664-3B75-48A7-B4BD-4FE1092D55FF}.Release|Any CPU.Deploy.0 = Release|iPhone
		{E6504664-3B75-48A7-B4BD-4FE1092D55FF}.Release|ARM.ActiveCfg = Release|iPhone
		{E6504664-3B75-48A7-B4BD-4FE1092D55FF}.Release|ARM.Build.0 = Release|iPhone
		{E6504664-3B75-48A7-B4BD-4FE1092D55FF}.Release|ARM.Deploy.0 = Release|iPhone
		{E6504664-3B75-48A7-B4BD-4FE1092D55FF}.Release|iPhone.ActiveCfg = Release|iPhone
		{E6504664-3B75-48A7-B4BD-4FE1092D55FF}.Release|iPhone.Build.0 = Release|iPhone
		{E6504664-3B75-48A7-B4BD-4FE1092D55FF}.Release|iPhone.Deploy.0 = Release|iPhone
		{E6504664-3B75-48A7-B4BD-4FE1092D55FF}.Release|iPhoneSimulator.ActiveCfg = Release|iPhoneSimulator
		{E6504664-3B75-48A7-B4BD-4FE1092D55FF}.Release|iPhoneSimulator.Build.0 = Release|iPhoneSimulator
		{E6504664-3B75-48A7-B4BD-4FE1092D55FF}.Release|iPhoneSimulator.Deploy.0 = Release|iPhoneSimulator
		{E6504664-3B75-48A7-B4BD-4FE1092D55FF}.Release|x64.ActiveCfg = Release|iPhone
		{E6504664-3B75-48A7-B4BD-4FE1092D55FF}.Release|x64.Build.0 = Release|iPhone
		{E6504664-3B75-48A7-B4BD-4FE1092D55FF}.Release|x64.Deploy.0 = Release|iPhone
		{E6504664-3B75-48A7-B4BD-4FE1092D55FF}.Release|x86.ActiveCfg = Release|iPhone
		{E6504664-3B75-48A7-B4BD-4FE1092D55FF}.Release|x86.Build.0 = Release|iPhone
		{E6504664-3B75-48A7-B4BD-4FE1092D55FF}.Release|x86.Deploy.0 = Release|iPhone
		{CB0EB02A-B658-4784-8F08-B72CF58E5ED8}.Debug|Any CPU.ActiveCfg = Debug|Any CPU
		{CB0EB02A-B658-4784-8F08-B72CF58E5ED8}.Debug|Any CPU.Build.0 = Debug|Any CPU
		{CB0EB02A-B658-4784-8F08-B72CF58E5ED8}.Debug|Any CPU.Deploy.0 = Debug|Any CPU
		{CB0EB02A-B658-4784-8F08-B72CF58E5ED8}.Debug|ARM.ActiveCfg = Debug|Any CPU
		{CB0EB02A-B658-4784-8F08-B72CF58E5ED8}.Debug|ARM.Build.0 = Debug|Any CPU
		{CB0EB02A-B658-4784-8F08-B72CF58E5ED8}.Debug|ARM.Deploy.0 = Debug|Any CPU
		{CB0EB02A-B658-4784-8F08-B72CF58E5ED8}.Debug|iPhone.ActiveCfg = Debug|Any CPU
		{CB0EB02A-B658-4784-8F08-B72CF58E5ED8}.Debug|iPhone.Build.0 = Debug|Any CPU
		{CB0EB02A-B658-4784-8F08-B72CF58E5ED8}.Debug|iPhone.Deploy.0 = Debug|Any CPU
		{CB0EB02A-B658-4784-8F08-B72CF58E5ED8}.Debug|iPhoneSimulator.ActiveCfg = Debug|Any CPU
		{CB0EB02A-B658-4784-8F08-B72CF58E5ED8}.Debug|iPhoneSimulator.Build.0 = Debug|Any CPU
		{CB0EB02A-B658-4784-8F08-B72CF58E5ED8}.Debug|iPhoneSimulator.Deploy.0 = Debug|Any CPU
		{CB0EB02A-B658-4784-8F08-B72CF58E5ED8}.Debug|x64.ActiveCfg = Debug|Any CPU
		{CB0EB02A-B658-4784-8F08-B72CF58E5ED8}.Debug|x64.Build.0 = Debug|Any CPU
		{CB0EB02A-B658-4784-8F08-B72CF58E5ED8}.Debug|x64.Deploy.0 = Debug|Any CPU
		{CB0EB02A-B658-4784-8F08-B72CF58E5ED8}.Debug|x86.ActiveCfg = Debug|Any CPU
		{CB0EB02A-B658-4784-8F08-B72CF58E5ED8}.Debug|x86.Build.0 = Debug|Any CPU
		{CB0EB02A-B658-4784-8F08-B72CF58E5ED8}.Debug|x86.Deploy.0 = Debug|Any CPU
		{CB0EB02A-B658-4784-8F08-B72CF58E5ED8}.Release|Any CPU.ActiveCfg = Release|Any CPU
		{CB0EB02A-B658-4784-8F08-B72CF58E5ED8}.Release|Any CPU.Build.0 = Release|Any CPU
		{CB0EB02A-B658-4784-8F08-B72CF58E5ED8}.Release|Any CPU.Deploy.0 = Release|Any CPU
		{CB0EB02A-B658-4784-8F08-B72CF58E5ED8}.Release|ARM.ActiveCfg = Release|Any CPU
		{CB0EB02A-B658-4784-8F08-B72CF58E5ED8}.Release|ARM.Build.0 = Release|Any CPU
		{CB0EB02A-B658-4784-8F08-B72CF58E5ED8}.Release|ARM.Deploy.0 = Release|Any CPU
		{CB0EB02A-B658-4784-8F08-B72CF58E5ED8}.Release|iPhone.ActiveCfg = Release|Any CPU
		{CB0EB02A-B658-4784-8F08-B72CF58E5ED8}.Release|iPhone.Build.0 = Release|Any CPU
		{CB0EB02A-B658-4784-8F08-B72CF58E5ED8}.Release|iPhone.Deploy.0 = Release|Any CPU
		{CB0EB02A-B658-4784-8F08-B72CF58E5ED8}.Release|iPhoneSimulator.ActiveCfg = Release|Any CPU
		{CB0EB02A-B658-4784-8F08-B72CF58E5ED8}.Release|iPhoneSimulator.Build.0 = Release|Any CPU
		{CB0EB02A-B658-4784-8F08-B72CF58E5ED8}.Release|iPhoneSimulator.Deploy.0 = Release|Any CPU
		{CB0EB02A-B658-4784-8F08-B72CF58E5ED8}.Release|x64.ActiveCfg = Release|Any CPU
		{CB0EB02A-B658-4784-8F08-B72CF58E5ED8}.Release|x64.Build.0 = Release|Any CPU
		{CB0EB02A-B658-4784-8F08-B72CF58E5ED8}.Release|x64.Deploy.0 = Release|Any CPU
		{CB0EB02A-B658-4784-8F08-B72CF58E5ED8}.Release|x86.ActiveCfg = Release|Any CPU
		{CB0EB02A-B658-4784-8F08-B72CF58E5ED8}.Release|x86.Build.0 = Release|Any CPU
		{CB0EB02A-B658-4784-8F08-B72CF58E5ED8}.Release|x86.Deploy.0 = Release|Any CPU
	EndGlobalSection
	GlobalSection(SolutionProperties) = preSolution
		HideSolutionNode = FALSE
	EndGlobalSection
	GlobalSection(ExtensibilityGlobals) = postSolution
		SolutionGuid = {6D4142FD-38AF-47E6-A9E7-06000D353A8A}
	EndGlobalSection
EndGlobal
